
Microsoft Visual Studio Solution File, Format Version 12.00
# Visual Studio Version 17
VisualStudioVersion = 17.5.33530.505
MinimumVisualStudioVersion = 10.0.40219.1
Project("{8BC9CEB8-8B4A-11D0-8D11-00A0C91BC942}") = "CG2_01", "CG2_01.vcxproj", "{AAA1EED9-82FB-47D7-B733-5EAC2C8577E0}"
EndProject
Project("{2150E333-8FDC-42A3-9474-1A3956D46DE8}") = "ソリューション項目", "ソリューション項目", "{FC039EE8-7245-4DA6-8D8C-71843E217C61}"
	ProjectSection(SolutionItems) = preProject
		.editorconfig = .editorconfig
	EndProjectSection
EndProject
Project("{8BC9CEB8-8B4A-11D0-8D11-00A0C91BC942}") = "DirectXTex", "externals\DirectXTex\DirectXTex_Desktop_2022_Win10.vcxproj", "{371B9FA9-4C90-4AC6-A123-ACED756D6C77}"
EndProject
Global
	GlobalSection(SolutionConfigurationPlatforms) = preSolution
		Debug|x64 = Debug|x64
		Profile|x64 = Profile|x64
		Release|x64 = Release|x64
	EndGlobalSection
	GlobalSection(ProjectConfigurationPlatforms) = postSolution
		{AAA1EED9-82FB-47D7-B733-5EAC2C8577E0}.Debug|x64.ActiveCfg = Debug|x64
		{AAA1EED9-82FB-47D7-B733-5EAC2C8577E0}.Debug|x64.Build.0 = Debug|x64
		{AAA1EED9-82FB-47D7-B733-5EAC2C8577E0}.Profile|x64.ActiveCfg = Release|x64
		{AAA1EED9-82FB-47D7-B733-5EAC2C8577E0}.Profile|x64.Build.0 = Release|x64
		{AAA1EED9-82FB-47D7-B733-5EAC2C8577E0}.Release|x64.ActiveCfg = Release|x64
		{AAA1EED9-82FB-47D7-B733-5EAC2C8577E0}.Release|x64.Build.0 = Release|x64
		{371B9FA9-4C90-4AC6-A123-ACED756D6C77}.Debug|x64.ActiveCfg = Debug|x64
		{371B9FA9-4C90-4AC6-A123-ACED756D6C77}.Debug|x64.Build.0 = Debug|x64
		{371B9FA9-4C90-4AC6-A123-ACED756D6C77}.Profile|x64.ActiveCfg = Profile|x64
		{371B9FA9-4C90-4AC6-A123-ACED756D6C77}.Profile|x64.Build.0 = Profile|x64
		{371B9FA9-4C90-4AC6-A123-ACED756D6C77}.Release|x64.ActiveCfg = Release|x64
		{371B9FA9-4C90-4AC6-A123-ACED756D6C77}.Release|x64.Build.0 = Release|x64
	EndGlobalSection
	GlobalSection(SolutionProperties) = preSolution
		HideSolutionNode = FALSE
	EndGlobalSection
	GlobalSection(ExtensibilityGlobals) = postSolution
		SolutionGuid = {84A80518-5A51-431E-9579-C07BA5C40217}
	EndGlobalSection
EndGlobal
